{
  "name": "frontend",
  "version": "1.0.0",
  "lockfileVersion": 1,
  "requires": true,
  "dependencies": {
    "JSONStream": {
      "version": "1.3.1",
      "resolved": "https://registry.npmjs.org/JSONStream/-/JSONStream-1.3.1.tgz",
      "integrity": "sha1-cH92HgHa6eFvG8+TcDt4xwlmV5o=",
      "dev": true,
      "requires": {
        "jsonparse": "1.3.1",
        "through": "2.3.8"
      }
    },
    "accepts": {
      "version": "1.3.4",
      "resolved": "https://registry.npmjs.org/accepts/-/accepts-1.3.4.tgz",
      "integrity": "sha1-hiRnWMfdbSGmR0/whKR0DsBesh8=",
      "dev": true,
      "requires": {
        "mime-types": "2.1.17",
        "negotiator": "0.6.1"
      }
    },
    "ansi-escape-sequences": {
      "version": "4.0.0",
      "resolved": "https://registry.npmjs.org/ansi-escape-sequences/-/ansi-escape-sequences-4.0.0.tgz",
      "integrity": "sha512-v+0wW9Wezwsyb0uF4aBVCjmSqit3Ru7PZFziGF0o2KwTvN2zWfTi3BRLq9EkJFdg3eBbyERXGTntVpBxH1J68Q==",
      "dev": true,
      "requires": {
        "array-back": "2.0.0"
      }
    },
    "any-promise": {
      "version": "1.3.0",
      "resolved": "https://registry.npmjs.org/any-promise/-/any-promise-1.3.0.tgz",
      "integrity": "sha1-q8av7tzqUugJzcA3au0845Y10X8=",
      "dev": true
    },
    "array-back": {
      "version": "2.0.0",
      "resolved": "https://registry.npmjs.org/array-back/-/array-back-2.0.0.tgz",
      "integrity": "sha512-eJv4pLLufP3g5kcZry0j6WXpIbzYw9GUB4mVJZno9wfwiBxbizTnHCw3VJb07cBihbFX48Y7oSrW9y+gt4glyw==",
      "dev": true,
      "requires": {
        "typical": "2.6.1"
      }
    },
    "async-limiter": {
      "version": "1.0.0",
      "resolved": "https://registry.npmjs.org/async-limiter/-/async-limiter-1.0.0.tgz",
      "integrity": "sha512-jp/uFnooOiO+L211eZOoSyzpOITMXx1rBITauYykG3BRYPu8h0UcxsPNB04RR5vo4Tyz3+ay17tR6JVf9qzYWg==",
      "dev": true
    },
    "basic-auth": {
      "version": "1.1.0",
      "resolved": "https://registry.npmjs.org/basic-auth/-/basic-auth-1.1.0.tgz",
      "integrity": "sha1-RSIe5Cn37h5QNb4/UVM/HN/SmIQ=",
      "dev": true
    },
    "batch": {
      "version": "0.6.1",
      "resolved": "https://registry.npmjs.org/batch/-/batch-0.6.1.tgz",
      "integrity": "sha1-3DQxT05nkxgJP8dgJyUl+UvyXBY=",
      "dev": true
    },
    "byte-size": {
      "version": "4.0.2",
      "resolved": "https://registry.npmjs.org/byte-size/-/byte-size-4.0.2.tgz",
      "integrity": "sha512-UGCQ0L1CO27M/9DOjS9ygrXz7CwHc3uVbNc1xbOGVL8RQO/8rJYCZclylAMcq4jQ0laO1izyomNZe1MFZsatlw==",
      "dev": true
    },
    "bytes": {
      "version": "3.0.0",
      "resolved": "https://registry.npmjs.org/bytes/-/bytes-3.0.0.tgz",
      "integrity": "sha1-0ygVQE1olpn4Wk6k+odV3ROpYEg=",
      "dev": true
    },
    "cli-commands": {
      "version": "0.3.2",
      "resolved": "https://registry.npmjs.org/cli-commands/-/cli-commands-0.3.2.tgz",
      "integrity": "sha512-84bP4ahXbpr8q4X+DeicMA34nME35JEgIGYGwbASe5SbyO9MMtPsyminLKxq8vHW4SOfByXlyKswU5lehoqq3Q==",
      "dev": true,
      "requires": {
        "command-line-args": "4.0.7",
        "command-line-commands": "2.0.1"
      }
    },
    "co": {
      "version": "4.6.0",
      "resolved": "https://registry.npmjs.org/co/-/co-4.6.0.tgz",
      "integrity": "sha1-bqa989hTrlTMuOR7+gvz+QMfsYQ=",
      "dev": true
    },
    "co-body": {
      "version": "5.1.1",
      "resolved": "https://registry.npmjs.org/co-body/-/co-body-5.1.1.tgz",
      "integrity": "sha1-2XeB0eM0S6SoIP0YBr3fg0FQUjY=",
      "dev": true,
      "requires": {
        "inflation": "2.0.0",
        "qs": "6.5.1",
        "raw-body": "2.3.2",
        "type-is": "1.6.15"
      }
    },
    "command-line-args": {
      "version": "4.0.7",
      "resolved": "https://registry.npmjs.org/command-line-args/-/command-line-args-4.0.7.tgz",
      "integrity": "sha512-aUdPvQRAyBvQd2n7jXcsMDz68ckBJELXNzBybCHOibUWEg0mWTnaYCSRU8h9R+aNRSvDihJtssSRCiDRpLaezA==",
      "dev": true,
      "requires": {
        "array-back": "2.0.0",
        "find-replace": "1.0.3",
        "typical": "2.6.1"
      }
    },
    "command-line-commands": {
      "version": "2.0.1",
      "resolved": "https://registry.npmjs.org/command-line-commands/-/command-line-commands-2.0.1.tgz",
      "integrity": "sha512-m8c2p1DrNd2ruIAggxd/y6DgygQayf6r8RHwchhXryaLF8I6koYjoYroVP+emeROE9DXN5b9sP1Gh+WtvTTdtQ==",
      "dev": true,
      "requires": {
        "array-back": "2.0.0"
      }
    },
    "command-line-usage": {
      "version": "4.1.0-1",
      "resolved": "https://registry.npmjs.org/command-line-usage/-/command-line-usage-4.1.0-1.tgz",
      "integrity": "sha512-kCTDYySnYpZrQwzURoIytc5NH16jCsQIwAkrsq2BFllxFUpueVVJLPSBubvtgs37ys2o52qhKbRLDnodSZzlvQ==",
      "dev": true,
      "requires": {
        "ansi-escape-sequences": "4.0.0",
        "array-back": "2.0.0",
        "table-layout": "0.4.2",
        "typical": "2.6.1"
      }
    },
    "common-log-format": {
      "version": "0.1.3",
      "resolved": "https://registry.npmjs.org/common-log-format/-/common-log-format-0.1.3.tgz",
      "integrity": "sha1-YAna3E7EZzca8oqNvT5M4CsWZ4I=",
      "dev": true
    },
    "compressible": {
      "version": "2.0.12",
      "resolved": "https://registry.npmjs.org/compressible/-/compressible-2.0.12.tgz",
      "integrity": "sha1-xZpcmdt2dn6YdlAOJx72OzSTvWY=",
      "dev": true,
      "requires": {
        "mime-db": "1.30.0"
      }
    },
    "content-disposition": {
      "version": "0.5.2",
      "resolved": "https://registry.npmjs.org/content-disposition/-/content-disposition-0.5.2.tgz",
      "integrity": "sha1-DPaLud318r55YcOoUXjLhdunjLQ=",
      "dev": true
    },
    "content-type": {
      "version": "1.0.4",
      "resolved": "https://registry.npmjs.org/content-type/-/content-type-1.0.4.tgz",
      "integrity": "sha512-hIP3EEPs8tB9AT1L+NUqtwOAps4mk2Zob89MWXMHjHWg9milF/j4osnnQLXBCBFBk/tvIG/tUc9mOUJiPBhPXA==",
      "dev": true
    },
    "cookies": {
      "version": "0.7.1",
      "resolved": "https://registry.npmjs.org/cookies/-/cookies-0.7.1.tgz",
      "integrity": "sha1-fIphX1SBxhq58WyDNzG8uPZjuZs=",
      "dev": true,
      "requires": {
        "depd": "1.1.1",
        "keygrip": "1.0.2"
      }
    },
    "copy-to": {
      "version": "2.0.1",
      "resolved": "https://registry.npmjs.org/copy-to/-/copy-to-2.0.1.tgz",
      "integrity": "sha1-JoD7uAaKSNCGVrYJgJK9r8kG9KU=",
      "dev": true
    },
    "core-util-is": {
      "version": "1.0.2",
      "resolved": "https://registry.npmjs.org/core-util-is/-/core-util-is-1.0.2.tgz",
      "integrity": "sha1-tf1UIgqivFq1eqtxQMlAdUUDwac=",
      "dev": true
    },
    "debug": {
      "version": "3.1.0",
      "resolved": "https://registry.npmjs.org/debug/-/debug-3.1.0.tgz",
      "integrity": "sha512-OX8XqP7/1a9cqkxYw2yXss15f26NKWBpDXQd0/uK/KPqdQhxbPa994hnzjcE2VqQpDslf55723cKPUOGSmMY3g==",
      "dev": true,
      "requires": {
        "ms": "2.0.0"
      }
    },
    "deep-equal": {
      "version": "1.0.1",
      "resolved": "https://registry.npmjs.org/deep-equal/-/deep-equal-1.0.1.tgz",
      "integrity": "sha1-9dJgKStmDghO/0zbyfCK0yR0SLU=",
      "dev": true
    },
    "deep-extend": {
      "version": "0.5.0",
      "resolved": "https://registry.npmjs.org/deep-extend/-/deep-extend-0.5.0.tgz",
      "integrity": "sha1-bvSgmwX5iw41jW2T1Mo8rsZnKAM=",
      "dev": true
    },
    "defer-promise": {
      "version": "1.0.1",
      "resolved": "https://registry.npmjs.org/defer-promise/-/defer-promise-1.0.1.tgz",
      "integrity": "sha1-HKb/7dvO8XFd16riXHYW+a4iky8=",
      "dev": true
    },
    "delegates": {
      "version": "1.0.0",
      "resolved": "https://registry.npmjs.org/delegates/-/delegates-1.0.0.tgz",
      "integrity": "sha1-hMbhWbgZBP3KWaDvRM2HDTElD5o=",
      "dev": true
    },
    "depd": {
      "version": "1.1.1",
      "resolved": "https://registry.npmjs.org/depd/-/depd-1.1.1.tgz",
      "integrity": "sha1-V4O04cRZ8G+lyif5kfPQbnoxA1k=",
      "dev": true
    },
    "destroy": {
      "version": "1.0.4",
      "resolved": "https://registry.npmjs.org/destroy/-/destroy-1.0.4.tgz",
      "integrity": "sha1-l4hXRCxEdJ5CBmE+N5RiBYJqvYA=",
      "dev": true
    },
    "ee-first": {
      "version": "1.1.1",
      "resolved": "https://registry.npmjs.org/ee-first/-/ee-first-1.1.1.tgz",
      "integrity": "sha1-WQxhFWsK4vTwJVcyoViyZrxWsh0=",
      "dev": true
    },
    "error-inject": {
      "version": "1.0.0",
      "resolved": "https://registry.npmjs.org/error-inject/-/error-inject-1.0.0.tgz",
      "integrity": "sha1-4rPZG1Su1nLzCdlQ0VSFD6EdTzc=",
      "dev": true
    },
    "escape-html": {
      "version": "1.0.3",
      "resolved": "https://registry.npmjs.org/escape-html/-/escape-html-1.0.3.tgz",
      "integrity": "sha1-Aljq5NPQwJdN4cFpGI7wBR0dGYg=",
      "dev": true
    },
    "etag": {
      "version": "1.8.1",
      "resolved": "https://registry.npmjs.org/etag/-/etag-1.8.1.tgz",
      "integrity": "sha1-Qa4u62XvpiJorr/qg6x9eSmbCIc=",
      "dev": true
    },
    "find-replace": {
      "version": "1.0.3",
      "resolved": "https://registry.npmjs.org/find-replace/-/find-replace-1.0.3.tgz",
      "integrity": "sha1-uI5zZNLZyVlVnziMZmcNYTBEH6A=",
      "dev": true,
      "requires": {
        "array-back": "1.0.4",
        "test-value": "2.1.0"
      },
      "dependencies": {
        "array-back": {
          "version": "1.0.4",
          "resolved": "https://registry.npmjs.org/array-back/-/array-back-1.0.4.tgz",
          "integrity": "sha1-ZEun8JX3/898Q7Xw3DnTwfA8Bjs=",
          "dev": true,
          "requires": {
            "typical": "2.6.1"
          }
        }
      }
    },
    "fresh": {
      "version": "0.5.2",
      "resolved": "https://registry.npmjs.org/fresh/-/fresh-0.5.2.tgz",
      "integrity": "sha1-PYyt2Q2XZWn6g1qx+OSyOhBWBac=",
      "dev": true
    },
    "home-path": {
      "version": "1.0.5",
      "resolved": "https://registry.npmjs.org/home-path/-/home-path-1.0.5.tgz",
      "integrity": "sha1-eIspgVsS1Tus9XVkhHbm+QQdEz8=",
      "dev": true
    },
    "http-assert": {
      "version": "1.3.0",
      "resolved": "https://registry.npmjs.org/http-assert/-/http-assert-1.3.0.tgz",
      "integrity": "sha1-oxpc+IyHPsu1eWkH1NbxMujAHko=",
      "dev": true,
      "requires": {
        "deep-equal": "1.0.1",
        "http-errors": "1.6.2"
      }
    },
    "http-errors": {
      "version": "1.6.2",
      "resolved": "https://registry.npmjs.org/http-errors/-/http-errors-1.6.2.tgz",
      "integrity": "sha1-CgAsyFcHGSp+eUbO7cERVfYOxzY=",
      "dev": true,
      "requires": {
        "depd": "1.1.1",
        "inherits": "2.0.3",
        "setprototypeof": "1.0.3",
        "statuses": "1.4.0"
      }
    },
    "iconv-lite": {
      "version": "0.4.19",
      "resolved": "https://registry.npmjs.org/iconv-lite/-/iconv-lite-0.4.19.tgz",
      "integrity": "sha512-oTZqweIP51xaGPI4uPa56/Pri/480R+mo7SeU+YETByQNhDG55ycFyNLIgta9vXhILrxXDmF7ZGhqZIcuN0gJQ==",
      "dev": true
    },
    "inflation": {
      "version": "2.0.0",
      "resolved": "https://registry.npmjs.org/inflation/-/inflation-2.0.0.tgz",
      "integrity": "sha1-i0F+R8KPklpFEz2RTKH9OJEH8w8=",
      "dev": true
    },
    "inherits": {
      "version": "2.0.3",
      "resolved": "https://registry.npmjs.org/inherits/-/inherits-2.0.3.tgz",
      "integrity": "sha1-Yzwsg+PaQqUC9SRmAiSA9CCCYd4=",
      "dev": true
    },
    "is-generator-function": {
      "version": "1.0.6",
      "resolved": "https://registry.npmjs.org/is-generator-function/-/is-generator-function-1.0.6.tgz",
      "integrity": "sha1-nnFlPNFf/zQcecQVFGChMdMen8Q=",
      "dev": true
    },
    "isarray": {
      "version": "0.0.1",
      "resolved": "https://registry.npmjs.org/isarray/-/isarray-0.0.1.tgz",
      "integrity": "sha1-ihis/Kmo9Bd+Cav8YDiTmwXR7t8=",
      "dev": true
    },
    "json-stringify-safe": {
      "version": "5.0.1",
      "resolved": "https://registry.npmjs.org/json-stringify-safe/-/json-stringify-safe-5.0.1.tgz",
      "integrity": "sha1-Epai1Y/UXxmg9s4B1lcB4sc1tus=",
      "dev": true
    },
    "jsonparse": {
      "version": "1.3.1",
      "resolved": "https://registry.npmjs.org/jsonparse/-/jsonparse-1.3.1.tgz",
      "integrity": "sha1-P02uSpH6wxX3EGL4UhzCOfE2YoA=",
      "dev": true
    },
    "kcors": {
      "version": "2.2.1",
      "resolved": "https://registry.npmjs.org/kcors/-/kcors-2.2.1.tgz",
      "integrity": "sha1-cWCpTy6uYzQ20s746t0M4jI4Z3k=",
      "dev": true
    },
    "keygrip": {
      "version": "1.0.2",
      "resolved": "https://registry.npmjs.org/keygrip/-/keygrip-1.0.2.tgz",
      "integrity": "sha1-rTKXxVcGneqLz+ek+kkbdcXd65E=",
      "dev": true
    },
    "koa": {
      "version": "2.3.0",
      "resolved": "https://registry.npmjs.org/koa/-/koa-2.3.0.tgz",
      "integrity": "sha1-nh6OTaQBg5xXuFJ+rcV/dhJ1Vac=",
      "dev": true,
      "requires": {
        "accepts": "1.3.4",
        "content-disposition": "0.5.2",
        "content-type": "1.0.4",
        "cookies": "0.7.1",
        "debug": "3.1.0",
        "delegates": "1.0.0",
        "depd": "1.1.1",
        "destroy": "1.0.4",
        "error-inject": "1.0.0",
        "escape-html": "1.0.3",
        "fresh": "0.5.2",
        "http-assert": "1.3.0",
        "http-errors": "1.6.2",
        "is-generator-function": "1.0.6",
        "koa-compose": "4.0.0",
        "koa-convert": "1.2.0",
        "koa-is-json": "1.0.0",
        "mime-types": "2.1.17",
        "on-finished": "2.3.0",
        "only": "0.0.2",
        "parseurl": "1.3.2",
        "statuses": "1.4.0",
        "type-is": "1.6.15",
        "vary": "1.1.2"
      }
    },
    "koa-bodyparser": {
      "version": "4.2.0",
      "resolved": "https://registry.npmjs.org/koa-bodyparser/-/koa-bodyparser-4.2.0.tgz",
      "integrity": "sha1-vObgi8Zfhwm20fqpQRx/DYk4qlQ=",
      "dev": true,
      "requires": {
        "co-body": "5.1.1",
        "copy-to": "2.0.1"
      }
    },
    "koa-compose": {
      "version": "4.0.0",
      "resolved": "https://registry.npmjs.org/koa-compose/-/koa-compose-4.0.0.tgz",
      "integrity": "sha1-KAClE9nDYe8NY4UrA45Pby1adzw=",
      "dev": true
    },
    "koa-compress": {
      "version": "2.0.0",
      "resolved": "https://registry.npmjs.org/koa-compress/-/koa-compress-2.0.0.tgz",
      "integrity": "sha1-e36ykhuEd0a14SK6n1zYpnHo6jo=",
      "dev": true,
      "requires": {
        "bytes": "2.5.0",
        "compressible": "2.0.12",
        "koa-is-json": "1.0.0",
        "statuses": "1.4.0"
      },
      "dependencies": {
        "bytes": {
          "version": "2.5.0",
          "resolved": "https://registry.npmjs.org/bytes/-/bytes-2.5.0.tgz",
          "integrity": "sha1-TJQj6i0lLCcMQbK97+/5u2tiwGo=",
          "dev": true
        }
      }
    },
    "koa-conditional-get": {
      "version": "2.0.0",
      "resolved": "https://registry.npmjs.org/koa-conditional-get/-/koa-conditional-get-2.0.0.tgz",
      "integrity": "sha1-pD83I8HQFLcwo07Oit8wuTyCM/I=",
      "dev": true
    },
    "koa-convert": {
      "version": "1.2.0",
      "resolved": "https://registry.npmjs.org/koa-convert/-/koa-convert-1.2.0.tgz",
      "integrity": "sha1-2kCHXfSd4FOQmNFwC1CCDOvNIdA=",
      "dev": true,
      "requires": {
        "co": "4.6.0",
        "koa-compose": "3.2.1"
      },
      "dependencies": {
        "koa-compose": {
          "version": "3.2.1",
          "resolved": "https://registry.npmjs.org/koa-compose/-/koa-compose-3.2.1.tgz",
          "integrity": "sha1-qFzLQLfZhtjlo0Wzoazo6rz1Tec=",
          "dev": true,
          "requires": {
            "any-promise": "1.3.0"
          }
        }
      }
    },
    "koa-etag": {
      "version": "3.0.0",
      "resolved": "https://registry.npmjs.org/koa-etag/-/koa-etag-3.0.0.tgz",
      "integrity": "sha1-nvc4Ld1agqsN6xU0FckVg293HT8=",
      "dev": true,
      "requires": {
        "etag": "1.8.1",
        "mz": "2.7.0"
      }
    },
    "koa-is-json": {
      "version": "1.0.0",
      "resolved": "https://registry.npmjs.org/koa-is-json/-/koa-is-json-1.0.0.tgz",
      "integrity": "sha1-JzwH7c3Ljfaiwat9We52SRRR7BQ=",
      "dev": true
    },
    "koa-json": {
      "version": "2.0.2",
      "resolved": "https://registry.npmjs.org/koa-json/-/koa-json-2.0.2.tgz",
      "integrity": "sha1-Nq8U5uofXWRtfESihXAcb4Wk/eQ=",
      "dev": true,
      "requires": {
        "koa-is-json": "1.0.0",
        "streaming-json-stringify": "3.1.0"
      }
    },
    "koa-mock-response": {
      "version": "0.2.0",
      "resolved": "https://registry.npmjs.org/koa-mock-response/-/koa-mock-response-0.2.0.tgz",
      "integrity": "sha512-HmybRN1a3WqcSFvf7tycu2YhBIEHeqzm8bwcsShNWGsTgP86coZOpdI8aqYm/1DFsAQMctnpdWrva4rDr1Pibg==",
      "dev": true,
      "requires": {
        "array-back": "2.0.0",
        "path-to-regexp": "1.7.0",
        "typical": "2.6.1"
      }
    },
    "koa-morgan": {
      "version": "1.0.1",
      "resolved": "https://registry.npmjs.org/koa-morgan/-/koa-morgan-1.0.1.tgz",
      "integrity": "sha1-CAUuDODYOdPEMXi5CluzQkvvH5k=",
      "dev": true,
      "requires": {
        "morgan": "1.9.0"
      }
    },
    "koa-rewrite-75lb": {
      "version": "2.1.1",
      "resolved": "https://registry.npmjs.org/koa-rewrite-75lb/-/koa-rewrite-75lb-2.1.1.tgz",
      "integrity": "sha512-i9ofDKLs0xNCb2PW7wKGFzBFX6+Ce3aKoZzNKPh0fkejeUOTWkkDqnjXrgqrJEP2ifX6WWsHp6VtGuXzSYLSWQ==",
      "dev": true,
      "requires": {
        "path-to-regexp": "1.7.0"
      }
    },
    "koa-route": {
      "version": "3.2.0",
      "resolved": "https://registry.npmjs.org/koa-route/-/koa-route-3.2.0.tgz",
      "integrity": "sha1-dimLmaa8+p44yrb+XHmocz51i84=",
      "dev": true,
      "requires": {
        "debug": "3.1.0",
        "methods": "1.1.2",
        "path-to-regexp": "1.7.0"
      }
    },
    "koa-send": {
      "version": "4.1.1",
      "resolved": "https://registry.npmjs.org/koa-send/-/koa-send-4.1.1.tgz",
      "integrity": "sha512-Cqm4wRs+4FXJl7YNxYQccIy6Is5zaU99Tfy3hUBSWARqzgCsU/OdJy/W4VhdPQGip9qilDwB3C6kGkquTzXkIg==",
      "dev": true,
      "requires": {
        "debug": "2.6.9",
        "http-errors": "1.6.2",
        "mz": "2.7.0",
        "resolve-path": "1.3.3"
      },
      "dependencies": {
        "debug": {
          "version": "2.6.9",
          "resolved": "https://registry.npmjs.org/debug/-/debug-2.6.9.tgz",
          "integrity": "sha512-bC7ElrdJaJnPbAP+1EotYvqZsb3ecl5wi6Bfi6BJTUcNowp6cvspg0jXznRTKDjm/E7AdgFBVeAPVMNcKGsHMA==",
          "dev": true,
          "requires": {
            "ms": "2.0.0"
          }
        }
      }
    },
    "koa-static": {
      "version": "4.0.1",
      "resolved": "https://registry.npmjs.org/koa-static/-/koa-static-4.0.1.tgz",
      "integrity": "sha512-Nq3II4+woYnz7d0IyEOsy7vEFe6YWkdt3RpofL7X+yS8PlANEwP3C1F44IkyiudX7V0hwGh3sUFvbpqxWY4yCg==",
      "dev": true,
      "requires": {
        "debug": "2.6.9",
        "koa-send": "4.1.1"
      },
      "dependencies": {
        "debug": {
          "version": "2.6.9",
          "resolved": "https://registry.npmjs.org/debug/-/debug-2.6.9.tgz",
          "integrity": "sha512-bC7ElrdJaJnPbAP+1EotYvqZsb3ecl5wi6Bfi6BJTUcNowp6cvspg0jXznRTKDjm/E7AdgFBVeAPVMNcKGsHMA==",
          "dev": true,
          "requires": {
            "ms": "2.0.0"
          }
        }
      }
    },
    "load-module": {
      "version": "0.2.4",
      "resolved": "https://registry.npmjs.org/load-module/-/load-module-0.2.4.tgz",
      "integrity": "sha512-RTY30ogEKI8gCMDxg7ZvXh6YYsMLNZAWUmKVJUOyJRroZaqmQQhMj93LKfdEc4JuwxaXyh6NITEWr0BVFfUFEg==",
      "dev": true,
      "requires": {
        "array-back": "2.0.0"
      }
    },
    "local-web-server": {
      "version": "2.2.4",
      "resolved": "https://registry.npmjs.org/local-web-server/-/local-web-server-2.2.4.tgz",
      "integrity": "sha512-Jdk08wVkrhGvH+mcpvg5r2s8sPRr7Zts3moqp5st4rhYLgqaVoRzBO1i3SqQcoan1N10zTnbN69P9sBh6H+KLQ==",
      "dev": true,
      "requires": {
        "lws": "1.1.4",
        "lws-basic-auth": "0.1.1",
        "lws-blacklist": "0.2.3",
        "lws-body-parser": "0.2.4",
        "lws-compress": "0.2.1",
        "lws-conditional-get": "0.3.4",
        "lws-cors": "0.3.5",
        "lws-index": "0.3.3",
        "lws-json": "0.3.2",
        "lws-log": "0.3.2",
        "lws-mime": "0.2.2",
        "lws-mock-response": "0.4.6",
        "lws-request-monitor": "0.1.5",
        "lws-rewrite": "0.3.7",
        "lws-spa": "0.2.4",
        "lws-static": "0.4.1",
        "semver": "5.4.1"
      }
    },
    "lodash.assignwith": {
      "version": "4.2.0",
      "resolved": "https://registry.npmjs.org/lodash.assignwith/-/lodash.assignwith-4.2.0.tgz",
      "integrity": "sha1-EnqX8CrcQXUalU0ksN4X4QDgOOs=",
      "dev": true
    },
    "lodash.camelcase": {
      "version": "4.3.0",
      "resolved": "https://registry.npmjs.org/lodash.camelcase/-/lodash.camelcase-4.3.0.tgz",
      "integrity": "sha1-soqmKIorn8ZRA1x3EfZathkDMaY=",
      "dev": true
    },
    "lodash.padend": {
      "version": "4.6.1",
      "resolved": "https://registry.npmjs.org/lodash.padend/-/lodash.padend-4.6.1.tgz",
      "integrity": "sha1-U8y6BH0G4VjTEfRdpiX05J5vFm4=",
      "dev": true
    },
    "lodash.pick": {
      "version": "4.4.0",
      "resolved": "https://registry.npmjs.org/lodash.pick/-/lodash.pick-4.4.0.tgz",
      "integrity": "sha1-UvBWEP/53tQiYRRB7R/BI6AwAbM=",
      "dev": true
    },
    "lodash.throttle": {
      "version": "4.1.1",
      "resolved": "https://registry.npmjs.org/lodash.throttle/-/lodash.throttle-4.1.1.tgz",
      "integrity": "sha1-wj6RtxAkKscMN/HhzaknTMOb8vQ=",
      "dev": true
    },
    "lws": {
      "version": "1.1.4",
      "resolved": "https://registry.npmjs.org/lws/-/lws-1.1.4.tgz",
      "integrity": "sha512-jE2kkiXRNCUylUi+7rTPD3gT3RweZR/C6M62S4Zf1/BIR0f2hEvXCkzyngWbAyo4d+L9Gy6YotyfPRNTJa25Bg==",
      "dev": true,
      "requires": {
        "ansi-escape-sequences": "4.0.0",
        "array-back": "2.0.0",
        "byte-size": "4.0.2",
        "cli-commands": "0.3.2",
        "command-line-args": "4.0.7",
        "command-line-usage": "4.1.0-1",
        "koa": "2.3.0",
        "load-module": "0.2.4",
        "lodash.assignwith": "4.2.0",
        "lodash.camelcase": "4.3.0",
        "reduce-flatten": "1.0.1",
        "semver": "5.4.1",
        "typical": "2.6.1",
        "usage-stats": "0.9.4",
        "walk-back": "3.0.0",
        "ws": "3.2.0"
      }
    },
    "lws-basic-auth": {
      "version": "0.1.1",
      "resolved": "https://registry.npmjs.org/lws-basic-auth/-/lws-basic-auth-0.1.1.tgz",
      "integrity": "sha512-npPpqkOFzJzB9yJ2pGXmiYOswH+0n86ro75WhromeGuNo0GfE18ZLI/VCOVWmBbeXp2pcnPIMUAdkNSgukpAww==",
      "dev": true,
      "requires": {
        "basic-auth": "1.1.0"
      }
    },
    "lws-blacklist": {
      "version": "0.2.3",
      "resolved": "https://registry.npmjs.org/lws-blacklist/-/lws-blacklist-0.2.3.tgz",
      "integrity": "sha512-Q1G+0mmG9FkxVBKVcQnmVLHG2HJaT1hA9kb543HRmFzB21yCViofdWkAnyD2XQAqV4PazSOanSFItzPQCj69fQ==",
      "dev": true,
      "requires": {
        "array-back": "2.0.0",
        "path-to-regexp": "1.7.0"
      }
    },
    "lws-body-parser": {
      "version": "0.2.4",
      "resolved": "https://registry.npmjs.org/lws-body-parser/-/lws-body-parser-0.2.4.tgz",
      "integrity": "sha512-XKJzbzK97TUsewIPA5J2RpEk7kRoJcL+/Du6JlwzqIq84tWuXMfiT2a4Ncj12+tRWrdY2avV6d8uLhqlHLz1yg==",
      "dev": true,
      "requires": {
        "koa-bodyparser": "4.2.0"
      }
    },
    "lws-compress": {
      "version": "0.2.1",
      "resolved": "https://registry.npmjs.org/lws-compress/-/lws-compress-0.2.1.tgz",
      "integrity": "sha512-14++1o6U8upi3DLx9J2O2sFELsijEJF9utoFxSH4Stoo9SdU2Cxw6BtqQTrb9SEA6O6IsApzstdMYnq8floLSg==",
      "dev": true,
      "requires": {
        "koa-compress": "2.0.0"
      }
    },
    "lws-conditional-get": {
      "version": "0.3.4",
      "resolved": "https://registry.npmjs.org/lws-conditional-get/-/lws-conditional-get-0.3.4.tgz",
      "integrity": "sha512-6asZSfM747snhdz4xexRllm09pebz8pjYeg2d5khLR53D/OJznZWHsIqW0JGiScJObri2D7+H4z7yRLBjokT7g==",
      "dev": true,
      "requires": {
        "koa-conditional-get": "2.0.0",
        "koa-etag": "3.0.0"
      }
    },
    "lws-cors": {
      "version": "0.3.5",
      "resolved": "https://registry.npmjs.org/lws-cors/-/lws-cors-0.3.5.tgz",
      "integrity": "sha512-D4/LLR01bwoULFcj5C9Dyu+1u+fE1975CjSOpMv9lKfX6Z0mycAkjob6jNeuljatnxz+KRhKsiehwHrIJnHkOg==",
      "dev": true,
      "requires": {
        "kcors": "2.2.1"
      }
    },
    "lws-index": {
      "version": "0.3.3",
      "resolved": "https://registry.npmjs.org/lws-index/-/lws-index-0.3.3.tgz",
      "integrity": "sha512-t7BhoK8aTycr4p0k+IaZ4r5n8SCBWn7WepoSVnZDiN+HAc1V1glkJW+CjulZUsnE7n+yXukIkmR4qdIogg6cyA==",
      "dev": true,
      "requires": {
        "serve-index-75lb": "2.0.0"
      }
    },
    "lws-json": {
      "version": "0.3.2",
      "resolved": "https://registry.npmjs.org/lws-json/-/lws-json-0.3.2.tgz",
      "integrity": "sha512-ElmCA8hi3GPMfxbtiI015PDHuJovhhcbXX/qTTTifXhopedAzIBzn/rF5dHZHE4k7HQDYfbiaPgPMbmpv9dMvQ==",
      "dev": true,
      "requires": {
        "koa-json": "2.0.2"
      }
    },
    "lws-log": {
      "version": "0.3.2",
      "resolved": "https://registry.npmjs.org/lws-log/-/lws-log-0.3.2.tgz",
      "integrity": "sha512-DRp4bFl4a7hjwR/RjARjhFLEXs8pIeqKbUvojaAl1hhfRBuW2JsDxRSKC+ViQN06CW4Qypg3ZsztMMR8dRO8dA==",
      "dev": true,
      "requires": {
        "koa-morgan": "1.0.1",
        "stream-log-stats": "2.0.2"
      }
    },
    "lws-mime": {
      "version": "0.2.2",
      "resolved": "https://registry.npmjs.org/lws-mime/-/lws-mime-0.2.2.tgz",
      "integrity": "sha512-cWBj9CuuSvvaqdYMPiXRid0QhzJmr+5gWAA96pEDOiW8tMCMoxl7CIgTpHXZwhJzCqdI84RZDVm+FswByATS5w==",
      "dev": true
    },
    "lws-mock-response": {
      "version": "0.4.6",
      "resolved": "https://registry.npmjs.org/lws-mock-response/-/lws-mock-response-0.4.6.tgz",
      "integrity": "sha512-Y1u1Puru6nRxqYIcyKqG6SWA3mt0rGoRrlEVSHwtaP9Y6wkZ7HW+evwlmBMKbGOKZcAjSOqTaktpoi1vSOcJIQ==",
      "dev": true,
      "requires": {
        "array-back": "2.0.0",
        "koa-mock-response": "0.2.0",
        "load-module": "0.2.4",
        "reduce-flatten": "1.0.1"
      }
    },
    "lws-request-monitor": {
      "version": "0.1.5",
      "resolved": "https://registry.npmjs.org/lws-request-monitor/-/lws-request-monitor-0.1.5.tgz",
      "integrity": "sha512-u9eczHPowH17ftUjQ8ysutGDADNZdDD6k8wgFMzOB7/rRq1Is12lTYA4u8pfKZ8C2oyoy+HYsDSrOzTwespTlA==",
      "dev": true,
      "requires": {
        "byte-size": "4.0.2"
      }
    },
    "lws-rewrite": {
      "version": "0.3.7",
      "resolved": "https://registry.npmjs.org/lws-rewrite/-/lws-rewrite-0.3.7.tgz",
      "integrity": "sha512-G4zkOcIVXuqroXiDh0SkYqXH9NJMssJoLMehsE3NqZOPSAZPEiT3Rr+j4h8RvM2oSd2n/10I3r+CVrO51OG7/A==",
      "dev": true,
      "requires": {
        "array-back": "2.0.0",
        "koa-rewrite-75lb": "2.1.1",
        "koa-route": "3.2.0",
        "path-to-regexp": "1.7.0",
        "req-then": "0.6.4",
        "stream-read-all": "0.1.2",
        "typical": "2.6.1"
      }
    },
    "lws-spa": {
      "version": "0.2.4",
      "resolved": "https://registry.npmjs.org/lws-spa/-/lws-spa-0.2.4.tgz",
      "integrity": "sha512-hAwJkVcEoat9zYRfsEWgT8GpG955TlLKfLebih34AHcejbz/UybbpwvXlpdRq7Y7L6bIq57mE+ydr9IiSNSZHQ==",
      "dev": true,
      "requires": {
        "koa-route": "3.2.0",
        "koa-send": "4.1.1"
      }
    },
    "lws-static": {
      "version": "0.4.1",
      "resolved": "https://registry.npmjs.org/lws-static/-/lws-static-0.4.1.tgz",
      "integrity": "sha512-PWOmhdtaliqw4ZaUs13P/ly690Xaz3xi7xEFnHBQ5XShslLBZ+TSv8xd+ZTNVqsyNA5nY8dY1d5cS7YKVF7bww==",
      "dev": true,
      "requires": {
        "koa-static": "4.0.1"
      }
    },
    "media-typer": {
      "version": "0.3.0",
      "resolved": "https://registry.npmjs.org/media-typer/-/media-typer-0.3.0.tgz",
      "integrity": "sha1-hxDXrwqmJvj/+hzgAWhUUmMlV0g=",
      "dev": true
    },
    "methods": {
      "version": "1.1.2",
      "resolved": "https://registry.npmjs.org/methods/-/methods-1.1.2.tgz",
      "integrity": "sha1-VSmk1nZUE07cxSZmVoNbD4Ua/O4=",
      "dev": true
    },
    "mime-db": {
      "version": "1.30.0",
      "resolved": "https://registry.npmjs.org/mime-db/-/mime-db-1.30.0.tgz",
      "integrity": "sha1-dMZD2i3Z1qRTmZY0ZbJtXKfXHwE=",
      "dev": true
    },
    "mime-types": {
      "version": "2.1.17",
      "resolved": "https://registry.npmjs.org/mime-types/-/mime-types-2.1.17.tgz",
      "integrity": "sha1-Cdejk/A+mVp5+K+Fe3Cp4KsWVXo=",
      "dev": true,
      "requires": {
        "mime-db": "1.30.0"
      }
    },
    "mkdirp2": {
      "version": "1.0.3",
      "resolved": "https://registry.npmjs.org/mkdirp2/-/mkdirp2-1.0.3.tgz",
      "integrity": "sha1-zI3YJl8fBuLY9bELblL04FC+0hs=",
      "dev": true
    },
    "morgan": {
      "version": "1.9.0",
      "resolved": "https://registry.npmjs.org/morgan/-/morgan-1.9.0.tgz",
      "integrity": "sha1-0B+mxlhZt2/PMbPLU6OCGjEdgFE=",
      "dev": true,
      "requires": {
        "basic-auth": "2.0.0",
        "debug": "2.6.9",
        "depd": "1.1.1",
        "on-finished": "2.3.0",
        "on-headers": "1.0.1"
      },
      "dependencies": {
        "basic-auth": {
          "version": "2.0.0",
          "resolved": "https://registry.npmjs.org/basic-auth/-/basic-auth-2.0.0.tgz",
          "integrity": "sha1-AV2z81PgLlY3d1X5YnQuiYHnu7o=",
          "dev": true,
          "requires": {
            "safe-buffer": "5.1.1"
          }
        },
        "debug": {
          "version": "2.6.9",
          "resolved": "https://registry.npmjs.org/debug/-/debug-2.6.9.tgz",
          "integrity": "sha512-bC7ElrdJaJnPbAP+1EotYvqZsb3ecl5wi6Bfi6BJTUcNowp6cvspg0jXznRTKDjm/E7AdgFBVeAPVMNcKGsHMA==",
          "dev": true,
          "requires": {
            "ms": "2.0.0"
          }
        }
      }
    },
    "ms": {
      "version": "2.0.0",
      "resolved": "https://registry.npmjs.org/ms/-/ms-2.0.0.tgz",
      "integrity": "sha1-VgiurfwAvmwpAd9fmGF4jeDVl8g=",
      "dev": true
    },
    "mz": {
      "version": "2.7.0",
      "resolved": "https://registry.npmjs.org/mz/-/mz-2.7.0.tgz",
      "integrity": "sha512-z81GNO7nnYMEhrGh9LeymoE4+Yr0Wn5McHIZMK5cfQCl+NDX08sCZgUc9/6MHni9IWuFLm1Z3HTCXu2z9fN62Q==",
      "dev": true,
      "requires": {
        "any-promise": "1.3.0",
        "object-assign": "4.1.1",
        "thenify-all": "1.6.0"
      }
    },
    "negotiator": {
      "version": "0.6.1",
      "resolved": "https://registry.npmjs.org/negotiator/-/negotiator-0.6.1.tgz",
      "integrity": "sha1-KzJxhOiZIQEXeyhWP7XnECrNDKk=",
      "dev": true
    },
    "object-assign": {
      "version": "4.1.1",
      "resolved": "https://registry.npmjs.org/object-assign/-/object-assign-4.1.1.tgz",
      "integrity": "sha1-IQmtx5ZYh8/AXLvUQsrIv7s2CGM=",
      "dev": true
    },
    "on-finished": {
      "version": "2.3.0",
      "resolved": "https://registry.npmjs.org/on-finished/-/on-finished-2.3.0.tgz",
      "integrity": "sha1-IPEzZIGwg811M3mSoWlxqi2QaUc=",
      "dev": true,
      "requires": {
        "ee-first": "1.1.1"
      }
    },
    "on-headers": {
      "version": "1.0.1",
      "resolved": "https://registry.npmjs.org/on-headers/-/on-headers-1.0.1.tgz",
      "integrity": "sha1-ko9dD0cNSTQmUepnlLCFfBAGk/c=",
      "dev": true
    },
    "only": {
      "version": "0.0.2",
      "resolved": "https://registry.npmjs.org/only/-/only-0.0.2.tgz",
      "integrity": "sha1-Kv3oTQPlC5qO3EROMGEKcCle37Q=",
      "dev": true
    },
    "parseurl": {
      "version": "1.3.2",
      "resolved": "https://registry.npmjs.org/parseurl/-/parseurl-1.3.2.tgz",
      "integrity": "sha1-/CidTtiZMRlGDBViUyYs3I3mW/M=",
      "dev": true
    },
    "path-is-absolute": {
      "version": "1.0.1",
      "resolved": "https://registry.npmjs.org/path-is-absolute/-/path-is-absolute-1.0.1.tgz",
      "integrity": "sha1-F0uSaHNVNP+8es5r9TpanhtcX18=",
      "dev": true
    },
    "path-to-regexp": {
      "version": "1.7.0",
      "resolved": "https://registry.npmjs.org/path-to-regexp/-/path-to-regexp-1.7.0.tgz",
      "integrity": "sha1-Wf3g9DW62suhA6hOnTvGTpa5k30=",
      "dev": true,
      "requires": {
        "isarray": "0.0.1"
      }
    },
    "process-nextick-args": {
      "version": "1.0.7",
      "resolved": "https://registry.npmjs.org/process-nextick-args/-/process-nextick-args-1.0.7.tgz",
      "integrity": "sha1-FQ4gt1ZZCtP5EJPyWk8q2L/zC6M=",
      "dev": true
    },
    "qs": {
      "version": "6.5.1",
      "resolved": "https://registry.npmjs.org/qs/-/qs-6.5.1.tgz",
      "integrity": "sha512-eRzhrN1WSINYCDCbrz796z37LOe3m5tmW7RQf6oBntukAG1nmovJvhnwHHRMAfeoItc1m2Hk02WER2aQ/iqs+A==",
      "dev": true
    },
    "raw-body": {
      "version": "2.3.2",
      "resolved": "https://registry.npmjs.org/raw-body/-/raw-body-2.3.2.tgz",
      "integrity": "sha1-vNYMd9Prk83gBQKVw/N5OJvIj4k=",
      "dev": true,
      "requires": {
        "bytes": "3.0.0",
        "http-errors": "1.6.2",
        "iconv-lite": "0.4.19",
        "unpipe": "1.0.0"
      }
    },
    "readable-stream": {
      "version": "2.3.3",
      "resolved": "https://registry.npmjs.org/readable-stream/-/readable-stream-2.3.3.tgz",
      "integrity": "sha512-m+qzzcn7KUxEmd1gMbchF+Y2eIUbieUaxkWtptyHywrX0rE8QEYqPC07Vuy4Wm32/xE16NcdBctb8S0Xe/5IeQ==",
      "dev": true,
      "requires": {
        "core-util-is": "1.0.2",
        "inherits": "2.0.3",
        "isarray": "1.0.0",
        "process-nextick-args": "1.0.7",
        "safe-buffer": "5.1.1",
        "string_decoder": "1.0.3",
        "util-deprecate": "1.0.2"
      },
      "dependencies": {
        "isarray": {
          "version": "1.0.0",
          "resolved": "https://registry.npmjs.org/isarray/-/isarray-1.0.0.tgz",
          "integrity": "sha1-u5NdSFgsuhaMBoNJV6VKPgcSTxE=",
          "dev": true
        }
      }
    },
    "reduce-flatten": {
      "version": "1.0.1",
      "resolved": "https://registry.npmjs.org/reduce-flatten/-/reduce-flatten-1.0.1.tgz",
      "integrity": "sha1-JYx479FT3fk8tWEjf2EYTzaW4yc=",
      "dev": true
    },
    "req-then": {
      "version": "0.6.4",
      "resolved": "https://registry.npmjs.org/req-then/-/req-then-0.6.4.tgz",
      "integrity": "sha512-Uf7xsK1qPqPUetESHemNQ7nGtgOxngSFtlcAOOkx0lDAo+XRZpEA9QDrGBdyOfGq4b+a0z/D5gR2VJ+pp/dzBA==",
      "dev": true,
      "requires": {
        "array-back": "2.0.0",
        "defer-promise": "1.0.1",
        "lodash.pick": "4.4.0",
        "stream-read-all": "0.1.2",
        "typical": "2.6.1"
      }
    },
    "resolve-path": {
      "version": "1.3.3",
      "resolved": "https://registry.npmjs.org/resolve-path/-/resolve-path-1.3.3.tgz",
      "integrity": "sha1-TYOrpkaMK45jKldeP1Kw+g2+Glw=",
      "dev": true,
      "requires": {
        "http-errors": "1.5.1",
        "path-is-absolute": "1.0.1"
      },
      "dependencies": {
        "http-errors": {
          "version": "1.5.1",
          "resolved": "https://registry.npmjs.org/http-errors/-/http-errors-1.5.1.tgz",
          "integrity": "sha1-eIwNLB3iyBuebowBhDtrl+uSB1A=",
          "dev": true,
          "requires": {
            "inherits": "2.0.3",
            "setprototypeof": "1.0.2",
            "statuses": "1.4.0"
          }
        },
        "setprototypeof": {
          "version": "1.0.2",
          "resolved": "https://registry.npmjs.org/setprototypeof/-/setprototypeof-1.0.2.tgz",
          "integrity": "sha1-gaVSFB7BBLiOic44MQOtXGZWTQg=",
          "dev": true
        }
      }
    },
    "safe-buffer": {
      "version": "5.1.1",
      "resolved": "https://registry.npmjs.org/safe-buffer/-/safe-buffer-5.1.1.tgz",
      "integrity": "sha512-kKvNJn6Mm93gAczWVJg7wH+wGYWNrDHdWvpUmHyEsgCtIwwo3bqPtV4tR5tuPaUhTOo/kvhVwd8XwwOllGYkbg==",
      "dev": true
    },
    "semver": {
      "version": "5.4.1",
      "resolved": "https://registry.npmjs.org/semver/-/semver-5.4.1.tgz",
      "integrity": "sha512-WfG/X9+oATh81XtllIo/I8gOiY9EXRdv1cQdyykeXK17YcUW3EXUAi2To4pcH6nZtJPr7ZOpM5OMyWJZm+8Rsg==",
      "dev": true
    },
    "serve-index-75lb": {
      "version": "2.0.0",
      "resolved": "https://registry.npmjs.org/serve-index-75lb/-/serve-index-75lb-2.0.0.tgz",
      "integrity": "sha512-aFF4iz4Dp/YejhfzzxOKKi4/Q57sp1ecYJKQTXT9TzIq3yYcR/33Oyl3oekt4oI5pHKcGOuWnDSTOHbwnEaHpQ==",
      "dev": true,
      "requires": {
        "accepts": "1.3.4",
        "batch": "0.6.1",
        "debug": "2.6.8",
        "escape-html": "1.0.3",
        "http-errors": "1.6.2",
        "mime-types": "2.1.17",
        "parseurl": "1.3.2"
      },
      "dependencies": {
        "debug": {
          "version": "2.6.8",
          "resolved": "https://registry.npmjs.org/debug/-/debug-2.6.8.tgz",
          "integrity": "sha1-5zFTHKLt4n0YgiJCfaF4IdaP9Pw=",
          "dev": true,
          "requires": {
            "ms": "2.0.0"
          }
        }
      }
    },
    "setprototypeof": {
      "version": "1.0.3",
      "resolved": "https://registry.npmjs.org/setprototypeof/-/setprototypeof-1.0.3.tgz",
      "integrity": "sha1-ZlZ+NwQ+608E2RvWWMDL77VbjgQ=",
      "dev": true
    },
    "statuses": {
      "version": "1.4.0",
      "resolved": "https://registry.npmjs.org/statuses/-/statuses-1.4.0.tgz",
      "integrity": "sha512-zhSCtt8v2NDrRlPQpCNtw/heZLtfUDqxBM1udqikb/Hbk52LK4nQSwr10u77iopCW5LsyHpuXS0GnEc48mLeew==",
      "dev": true
    },
    "stream-log-stats": {
      "version": "2.0.2",
      "resolved": "https://registry.npmjs.org/stream-log-stats/-/stream-log-stats-2.0.2.tgz",
      "integrity": "sha512-b1LccxXhMlOQQrzSqapQHyZ3UI00QTAv+8VecFgsJz//sGB5LFl/+mkFeWBVVI2/E4DlCT4sGgvLExB/VTVFfA==",
      "dev": true,
      "requires": {
        "JSONStream": "1.3.1",
        "ansi-escape-sequences": "3.0.0",
        "byte-size": "3.0.0",
        "common-log-format": "0.1.3",
        "lodash.throttle": "4.1.1",
        "stream-via": "1.0.4",
        "table-layout": "0.4.2"
      },
      "dependencies": {
        "ansi-escape-sequences": {
          "version": "3.0.0",
          "resolved": "https://registry.npmjs.org/ansi-escape-sequences/-/ansi-escape-sequences-3.0.0.tgz",
          "integrity": "sha1-HBg5S2r5t2/5pjUJ+kl2af0s5T4=",
          "dev": true,
          "requires": {
            "array-back": "1.0.4"
          }
        },
        "array-back": {
          "version": "1.0.4",
          "resolved": "https://registry.npmjs.org/array-back/-/array-back-1.0.4.tgz",
          "integrity": "sha1-ZEun8JX3/898Q7Xw3DnTwfA8Bjs=",
          "dev": true,
          "requires": {
            "typical": "2.6.1"
          }
        },
        "byte-size": {
          "version": "3.0.0",
          "resolved": "https://registry.npmjs.org/byte-size/-/byte-size-3.0.0.tgz",
          "integrity": "sha1-QG+eI2aqXav2NnLrKR17sJSV2nU=",
          "dev": true
        }
      }
    },
    "stream-read-all": {
      "version": "0.1.2",
      "resolved": "https://registry.npmjs.org/stream-read-all/-/stream-read-all-0.1.2.tgz",
      "integrity": "sha512-KX42xBg853m+KnwRtwCKT95ShopAbY/MNKs2dBQ0WkNeuJdqgQYRtGRbTlxdx0L6t979h3z/wMq2eMSAu7Tygw==",
      "dev": true
    },
    "stream-via": {
      "version": "1.0.4",
      "resolved": "https://registry.npmjs.org/stream-via/-/stream-via-1.0.4.tgz",
      "integrity": "sha512-DBp0lSvX5G9KGRDTkR/R+a29H+Wk2xItOF+MpZLLNDWbEV9tGPnqLPxHEYjmiz8xGtJHRIqmI+hCjmNzqoA4nQ==",
      "dev": true
    },
    "streaming-json-stringify": {
      "version": "3.1.0",
      "resolved": "https://registry.npmjs.org/streaming-json-stringify/-/streaming-json-stringify-3.1.0.tgz",
      "integrity": "sha1-gCAEN6mTzDnE/gAmO3s7kDrIevU=",
      "dev": true,
      "requires": {
        "json-stringify-safe": "5.0.1",
        "readable-stream": "2.3.3"
      }
    },
    "string_decoder": {
      "version": "1.0.3",
      "resolved": "https://registry.npmjs.org/string_decoder/-/string_decoder-1.0.3.tgz",
      "integrity": "sha512-4AH6Z5fzNNBcH+6XDMfA/BTt87skxqJlO0lAh3Dker5zThcAxG6mKz+iGu308UKoPPQ8Dcqx/4JhujzltRa+hQ==",
      "dev": true,
      "requires": {
        "safe-buffer": "5.1.1"
      }
    },
    "table-layout": {
      "version": "0.4.2",
      "resolved": "https://registry.npmjs.org/table-layout/-/table-layout-0.4.2.tgz",
      "integrity": "sha512-tygyl5+eSHj4chpq5Zfy6cpc7MOUBClAW9ozghFH7hg9bAUzShOYn+/vUzTRkKOSLJWKfgYtP2tAU2c0oAD8eg==",
      "dev": true,
      "requires": {
        "array-back": "2.0.0",
        "deep-extend": "0.5.0",
        "lodash.padend": "4.6.1",
        "typical": "2.6.1",
        "wordwrapjs": "3.0.0"
      }
    },
    "test-value": {
      "version": "2.1.0",
      "resolved": "https://registry.npmjs.org/test-value/-/test-value-2.1.0.tgz",
      "integrity": "sha1-Edpv9nDzRxpztiXKTz/c97t0gpE=",
      "dev": true,
      "requires": {
        "array-back": "1.0.4",
        "typical": "2.6.1"
      },
      "dependencies": {
        "array-back": {
          "version": "1.0.4",
          "resolved": "https://registry.npmjs.org/array-back/-/array-back-1.0.4.tgz",
          "integrity": "sha1-ZEun8JX3/898Q7Xw3DnTwfA8Bjs=",
          "dev": true,
          "requires": {
            "typical": "2.6.1"
          }
        }
      }
    },
    "thenify": {
      "version": "3.3.0",
      "resolved": "https://registry.npmjs.org/thenify/-/thenify-3.3.0.tgz",
      "integrity": "sha1-5p44obq+lpsBCCB5eLn2K4hgSDk=",
      "dev": true,
      "requires": {
        "any-promise": "1.3.0"
      }
    },
    "thenify-all": {
      "version": "1.6.0",
      "resolved": "https://registry.npmjs.org/thenify-all/-/thenify-all-1.6.0.tgz",
      "integrity": "sha1-GhkY1ALY/D+Y+/I02wvMjMEOlyY=",
      "dev": true,
      "requires": {
        "thenify": "3.3.0"
      }
    },
    "through": {
      "version": "2.3.8",
      "resolved": "https://registry.npmjs.org/through/-/through-2.3.8.tgz",
      "integrity": "sha1-DdTJ/6q8NXlgsbckEV1+Doai4fU=",
      "dev": true
    },
    "type-is": {
      "version": "1.6.15",
      "resolved": "https://registry.npmjs.org/type-is/-/type-is-1.6.15.tgz",
      "integrity": "sha1-yrEPtJCeRByChC6v4a1kbIGARBA=",
      "dev": true,
      "requires": {
        "media-typer": "0.3.0",
        "mime-types": "2.1.17"
      }
    },
    "typical": {
      "version": "2.6.1",
      "resolved": "https://registry.npmjs.org/typical/-/typical-2.6.1.tgz",
      "integrity": "sha1-XAgOXWYcu+OCWdLnCjxyU+hziB0=",
      "dev": true
    },
    "ultron": {
      "version": "1.1.0",
      "resolved": "https://registry.npmjs.org/ultron/-/ultron-1.1.0.tgz",
      "integrity": "sha1-sHoualQagV/Go0zNRTO67DB8qGQ=",
      "dev": true
    },
    "unpipe": {
      "version": "1.0.0",
      "resolved": "https://registry.npmjs.org/unpipe/-/unpipe-1.0.0.tgz",
      "integrity": "sha1-sr9O6FFKrmFltIF4KdIbLvSZBOw=",
      "dev": true
    },
    "usage-stats": {
      "version": "0.9.4",
      "resolved": "https://registry.npmjs.org/usage-stats/-/usage-stats-0.9.4.tgz",
      "integrity": "sha512-u94pT+UDv+ZcjA5PT4KuMR67JL6VqeaQU6RN83Gf7yTqGrD/WqgCwhaj1DAKETR/KrteWXL0XZwlkDJuLJdtkg==",
      "dev": true,
      "requires": {
        "array-back": "2.0.0",
        "home-path": "1.0.5",
        "mkdirp2": "1.0.3",
        "req-then": "0.6.4",
        "typical": "2.6.1",
        "uuid": "3.1.0"
      }
    },
    "util-deprecate": {
      "version": "1.0.2",
      "resolved": "https://registry.npmjs.org/util-deprecate/-/util-deprecate-1.0.2.tgz",
      "integrity": "sha1-RQ1Nyfpw3nMnYvvS1KKJgUGaDM8=",
      "dev": true
    },
    "uuid": {
      "version": "3.1.0",
      "resolved": "https://registry.npmjs.org/uuid/-/uuid-3.1.0.tgz",
      "integrity": "sha512-DIWtzUkw04M4k3bf1IcpS2tngXEL26YUD2M0tMDUpnUrz2hgzUBlD55a4FjdLGPvfHxS6uluGWvaVEqgBcVa+g==",
      "dev": true
    },
    "vary": {
      "version": "1.1.2",
      "resolved": "https://registry.npmjs.org/vary/-/vary-1.1.2.tgz",
      "integrity": "sha1-IpnwLG3tMNSllhsLn3RSShj2NPw=",
      "dev": true
    },
    "walk-back": {
      "version": "3.0.0",
      "resolved": "https://registry.npmjs.org/walk-back/-/walk-back-3.0.0.tgz",
      "integrity": "sha1-I1h4ejXakQMtrV6S+AsSNw2HlcU=",
      "dev": true
    },
    "wordwrapjs": {
      "version": "3.0.0",
      "resolved": "https://registry.npmjs.org/wordwrapjs/-/wordwrapjs-3.0.0.tgz",
      "integrity": "sha512-mO8XtqyPvykVCsrwj5MlOVWvSnCdT+C+QVbm6blradR7JExAhbkZ7hZ9A+9NUtwzSqrlUo9a67ws0EiILrvRpw==",
      "dev": true,
      "requires": {
        "reduce-flatten": "1.0.1",
        "typical": "2.6.1"
      }
    },
    "ws": {
      "version": "3.2.0",
      "resolved": "https://registry.npmjs.org/ws/-/ws-3.2.0.tgz",
      "integrity": "sha512-hTS3mkXm/j85jTQOIcwVz3yK3up9xHgPtgEhDBOH3G18LDOZmSAG1omJeXejLKJakx+okv8vS1sopgs7rw0kVw==",
      "dev": true,
      "requires": {
        "async-limiter": "1.0.0",
        "safe-buffer": "5.1.1",
        "ultron": "1.1.0"
      }
    }
  }
}
