{
  "name": "src",
  "version": "1.0.0",
  "lockfileVersion": 1,
  "requires": true,
  "dependencies": {
    "httpntlm": {
      "version": "1.6.1",
      "resolved": "https://registry.npmjs.org/httpntlm/-/httpntlm-1.6.1.tgz",
      "integrity": "sha1-rQFScUOi6Hc8+uapb1hla7UqNLI=",
      "requires": {
        "httpreq": "0.4.24",
        "underscore": "1.7.0"
      }
    },
    "httpreq": {
      "version": "0.4.24",
      "resolved": "https://registry.npmjs.org/httpreq/-/httpreq-0.4.24.tgz",
      "integrity": "sha1-QzX/2CzZaWaKOUZckprGHWOTYn8="
    },
    "nodemailer": {
      "version": "4.3.1",
      "resolved": "https://registry.npmjs.org/nodemailer/-/nodemailer-4.3.1.tgz",
      "integrity": "sha512-ngyDzou/Rbppn9WUOpWNoe25mRrW5wMwRokWanBNLt+3YaxOLmUtrc0ZtHMOgHGFPAYNgKA9H70ELlV3qSHL7Q=="
    },
    "nodemailer-fetch": {
      "version": "1.6.0",
      "resolved": "https://registry.npmjs.org/nodemailer-fetch/-/nodemailer-fetch-1.6.0.tgz",
      "integrity": "sha1-ecSQihwPXzdbc/6IjamCj23JY6Q="
    },
    "nodemailer-shared": {
      "version": "1.1.0",
      "resolved": "https://registry.npmjs.org/nodemailer-shared/-/nodemailer-shared-1.1.0.tgz",
      "integrity": "sha1-z1mU4v0mjQD1zw+nZ6CBae2wfsA=",
      "requires": {
        "nodemailer-fetch": "1.6.0"
      }
    },
    "nodemailer-smtp-transport": {
      "version": "2.7.4",
      "resolved": "https://registry.npmjs.org/nodemailer-smtp-transport/-/nodemailer-smtp-transport-2.7.4.tgz",
      "integrity": "sha1-DYmvAZoUSkgP2OzJmZfZ+DjxNoU=",
      "requires": {
        "nodemailer-shared": "1.1.0",
        "nodemailer-wellknown": "0.1.10",
        "smtp-connection": "2.12.0"
      }
    },
    "nodemailer-wellknown": {
      "version": "0.1.10",
      "resolved": "https://registry.npmjs.org/nodemailer-wellknown/-/nodemailer-wellknown-0.1.10.tgz",
      "integrity": "sha1-WG24EB2zDLRDjrVGc3pBqtDPE9U="
    },
    "smtp-connection": {
      "version": "2.12.0",
      "resolved": "https://registry.npmjs.org/smtp-connection/-/smtp-connection-2.12.0.tgz",
      "integrity": "sha1-1275EnyyPCJZ7bHoNJwujV4tdME=",
      "requires": {
        "httpntlm": "1.6.1",
        "nodemailer-shared": "1.1.0"
      }
    },
    "underscore": {
      "version": "1.7.0",
      "resolved": "https://registry.npmjs.org/underscore/-/underscore-1.7.0.tgz",
      "integrity": "sha1-a7rwh3UA02vjTsqlhODbn+8DUgk="
    },
    "uuid": {
      "version": "3.1.0",
      "resolved": "https://registry.npmjs.org/uuid/-/uuid-3.1.0.tgz",
      "integrity": "sha512-DIWtzUkw04M4k3bf1IcpS2tngXEL26YUD2M0tMDUpnUrz2hgzUBlD55a4FjdLGPvfHxS6uluGWvaVEqgBcVa+g=="
    },
    "validator": {
      "version": "9.1.1",
      "resolved": "https://registry.npmjs.org/validator/-/validator-9.1.1.tgz",
      "integrity": "sha512-1TGGX1GKilfmcEa9rm+9nI9AqIUQK8oj4jZI0DmTGLTPM5jmowBBhyBIHCks73+P1QPZk2i6oOYUq583uOetHQ=="
    }
  }
}
